
Microsoft Visual Studio Solution File, Format Version 12.00
# Visual Studio Version 16
VisualStudioVersion = 16.0.30413.136
MinimumVisualStudioVersion = 10.0.40219.1
Project("{FAE04EC0-301F-11D3-BF4B-00C04F79EFBC}") = "ServerTest", "ServerTest.csproj", "{9501F25F-689D-4CCB-9CA6-198000598BBE}"
EndProject
Global
	GlobalSection(SolutionConfigurationPlatforms) = preSolution
		Debug|Any CPU = Debug|Any CPU
		Release|Any CPU = Release|Any CPU
	EndGlobalSection
	GlobalSection(ProjectConfigurationPlatforms) = postSolution
		{9501F25F-689D-4CCB-9CA6-198000598BBE}.Debug|Any CPU.ActiveCfg = Debug|Any CPU
		{9501F25F-689D-4CCB-9CA6-198000598BBE}.Debug|Any CPU.Build.0 = Debug|Any CPU
		{9501F25F-689D-4CCB-9CA6-198000598BBE}.Release|Any CPU.ActiveCfg = Release|Any CPU
		{9501F25F-689D-4CCB-9CA6-198000598BBE}.Release|Any CPU.Build.0 = Release|Any CPU
	EndGlobalSection
	GlobalSection(SolutionProperties) = preSolution
		HideSolutionNode = FALSE
	EndGlobalSection
	GlobalSection(ExtensibilityGlobals) = postSolution
		SolutionGuid = {49A6F113-D723-4939-8BDE-6C9DBE17AC7F}
	EndGlobalSection
EndGlobal
